
Microsoft Visual Studio Solution File, Format Version 12.00
# Visual Studio 15
VisualStudioVersion = 15.0.27428.2015
MinimumVisualStudioVersion = 10.0.40219.1
Project("{9A19103F-16F7-4668-BE54-9A1E7A4F7556}") = "TodoAPI", "TodoAPI\TodoAPI.csproj", "{DD1FC58E-2B22-4412-847E-BFE0DDF51758}"
EndProject
Project("{FAE04EC0-301F-11D3-BF4B-00C04F79EFBC}") = "XUnitTestProject1", "XUnitTestProject1\XUnitTestProject1.csproj", "{9DFE8957-A6C1-4168-B3A5-ADA79883F8B7}"
EndProject
Global
	GlobalSection(SolutionConfigurationPlatforms) = preSolution
		Debug|Any CPU = Debug|Any CPU
		Release|Any CPU = Release|Any CPU
	EndGlobalSection
	GlobalSection(ProjectConfigurationPlatforms) = postSolution
		{DD1FC58E-2B22-4412-847E-BFE0DDF51758}.Debug|Any CPU.ActiveCfg = Debug|Any CPU
		{DD1FC58E-2B22-4412-847E-BFE0DDF51758}.Debug|Any CPU.Build.0 = Debug|Any CPU
		{DD1FC58E-2B22-4412-847E-BFE0DDF51758}.Release|Any CPU.ActiveCfg = Release|Any CPU
		{DD1FC58E-2B22-4412-847E-BFE0DDF51758}.Release|Any CPU.Build.0 = Release|Any CPU
		{9DFE8957-A6C1-4168-B3A5-ADA79883F8B7}.Debug|Any CPU.ActiveCfg = Debug|Any CPU
		{9DFE8957-A6C1-4168-B3A5-ADA79883F8B7}.Debug|Any CPU.Build.0 = Debug|Any CPU
		{9DFE8957-A6C1-4168-B3A5-ADA79883F8B7}.Release|Any CPU.ActiveCfg = Release|Any CPU
		{9DFE8957-A6C1-4168-B3A5-ADA79883F8B7}.Release|Any CPU.Build.0 = Release|Any CPU
	EndGlobalSection
	GlobalSection(SolutionProperties) = preSolution
		HideSolutionNode = FALSE
	EndGlobalSection
	GlobalSection(ExtensibilityGlobals) = postSolution
		SolutionGuid = {77E1C0F3-6D31-404F-8DD3-082DC7B48301}
	EndGlobalSection
EndGlobal
