
Microsoft Visual Studio Solution File, Format Version 12.00
# Visual Studio 15
VisualStudioVersion = 15.0.27428.2015
MinimumVisualStudioVersion = 10.0.40219.1
Project("{9A19103F-16F7-4668-BE54-9A1E7A4F7556}") = "DoubleResource", "ToDo\DoubleResource.csproj", "{D24DFCB2-E5A0-4F46-B0FE-712601E4737A}"
EndProject
Global
	GlobalSection(SolutionConfigurationPlatforms) = preSolution
		Debug|Any CPU = Debug|Any CPU
		Release|Any CPU = Release|Any CPU
	EndGlobalSection
	GlobalSection(ProjectConfigurationPlatforms) = postSolution
		{D24DFCB2-E5A0-4F46-B0FE-712601E4737A}.Debug|Any CPU.ActiveCfg = Debug|Any CPU
		{D24DFCB2-E5A0-4F46-B0FE-712601E4737A}.Debug|Any CPU.Build.0 = Debug|Any CPU
		{D24DFCB2-E5A0-4F46-B0FE-712601E4737A}.Release|Any CPU.ActiveCfg = Release|Any CPU
		{D24DFCB2-E5A0-4F46-B0FE-712601E4737A}.Release|Any CPU.Build.0 = Release|Any CPU
	EndGlobalSection
	GlobalSection(SolutionProperties) = preSolution
		HideSolutionNode = FALSE
	EndGlobalSection
	GlobalSection(ExtensibilityGlobals) = postSolution
		SolutionGuid = {F7DDFBDC-EF32-41CE-BDFB-84D4A918E6B4}
	EndGlobalSection
EndGlobal
